// !$*UTF8*$!
{
	archiveVersion = 1;
	classes = {
	};
	objectVersion = 46;
	objects = {

/* Begin PBXBuildFile section */
		396E910C19704CA8001238E8 /* DOUAudioAnalyzer+Default.m in Sources */ = {isa = PBXBuildFile; fileRef = 396E90E519704CA8001238E8 /* DOUAudioAnalyzer+Default.m */; };
		396E910D19704CA8001238E8 /* DOUAudioAnalyzer.m in Sources */ = {isa = PBXBuildFile; fileRef = 396E90E719704CA8001238E8 /* DOUAudioAnalyzer.m */; };
		396E910E19704CA8001238E8 /* DOUAudioDecoder.m in Sources */ = {isa = PBXBuildFile; fileRef = 396E90EB19704CA8001238E8 /* DOUAudioDecoder.m */; };
		396E910F19704CA8001238E8 /* DOUAudioEventLoop.m in Sources */ = {isa = PBXBuildFile; fileRef = 396E90ED19704CA8001238E8 /* DOUAudioEventLoop.m */; };
		396E911019704CA8001238E8 /* DOUAudioFilePreprocessor.m in Sources */ = {isa = PBXBuildFile; fileRef = 396E90F019704CA8001238E8 /* DOUAudioFilePreprocessor.m */; };
		396E911119704CA8001238E8 /* DOUAudioFileProvider.m in Sources */ = {isa = PBXBuildFile; fileRef = 396E90F219704CA8001238E8 /* DOUAudioFileProvider.m */; };
		396E911219704CA8001238E8 /* DOUAudioFrequencyAnalyzer.m in Sources */ = {isa = PBXBuildFile; fileRef = 396E90F419704CA8001238E8 /* DOUAudioFrequencyAnalyzer.m */; };
		396E911319704CA8001238E8 /* DOUAudioLPCM.m in Sources */ = {isa = PBXBuildFile; fileRef = 396E90F619704CA8001238E8 /* DOUAudioLPCM.m */; };
		396E911419704CA8001238E8 /* DOUAudioPlaybackItem.m in Sources */ = {isa = PBXBuildFile; fileRef = 396E90F819704CA8001238E8 /* DOUAudioPlaybackItem.m */; };
		396E911519704CA8001238E8 /* DOUAudioRenderer.m in Sources */ = {isa = PBXBuildFile; fileRef = 396E90FA19704CA8001238E8 /* DOUAudioRenderer.m */; };
		396E911619704CA8001238E8 /* DOUAudioSpatialAnalyzer.m in Sources */ = {isa = PBXBuildFile; fileRef = 396E90FC19704CA8001238E8 /* DOUAudioSpatialAnalyzer.m */; };
		396E911719704CA8001238E8 /* DOUAudioStreamer+Options.m in Sources */ = {isa = PBXBuildFile; fileRef = 396E90FE19704CA8001238E8 /* DOUAudioStreamer+Options.m */; };
		396E911819704CA8001238E8 /* DOUAudioStreamer.m in Sources */ = {isa = PBXBuildFile; fileRef = 396E910019704CA8001238E8 /* DOUAudioStreamer.m */; };
		396E911919704CA8001238E8 /* DOUAudioVisualizer.m in Sources */ = {isa = PBXBuildFile; fileRef = 396E910319704CA8001238E8 /* DOUAudioVisualizer.m */; };
		396E911A19704CA8001238E8 /* DOUEAGLView.m in Sources */ = {isa = PBXBuildFile; fileRef = 396E910519704CA8001238E8 /* DOUEAGLView.m */; };
		396E911B19704CA8001238E8 /* DOUMPMediaLibraryAssetLoader.m in Sources */ = {isa = PBXBuildFile; fileRef = 396E910719704CA8001238E8 /* DOUMPMediaLibraryAssetLoader.m */; };
		396E911C19704CA8001238E8 /* DOUSimpleHTTPRequest.m in Sources */ = {isa = PBXBuildFile; fileRef = 396E910919704CA8001238E8 /* DOUSimpleHTTPRequest.m */; };
		396E911D19704CA8001238E8 /* NSData+DOUMappedFile.m in Sources */ = {isa = PBXBuildFile; fileRef = 396E910B19704CA8001238E8 /* NSData+DOUMappedFile.m */; };
		396E911F19704CC7001238E8 /* CoreAudio.framework in Frameworks */ = {isa = PBXBuildFile; fileRef = 396E911E19704CC7001238E8 /* CoreAudio.framework */; };
		396E912219704D1E001238E8 /* OpenGL.framework in Frameworks */ = {isa = PBXBuildFile; fileRef = 396E912019704CE3001238E8 /* OpenGL.framework */; };
		396E912419704D58001238E8 /* Accelerate.framework in Frameworks */ = {isa = PBXBuildFile; fileRef = 396E912319704D58001238E8 /* Accelerate.framework */; };
		396E912619704D61001238E8 /* AVFoundation.framework in Frameworks */ = {isa = PBXBuildFile; fileRef = 396E912519704D61001238E8 /* AVFoundation.framework */; };
		397D730719991EF000673164 /* LZWCompressor.m in Sources */ = {isa = PBXBuildFile; fileRef = 397D730619991EF000673164 /* LZWCompressor.m */; };
		39C101AE1971297800AC58DC /* AudioUnit.framework in Frameworks */ = {isa = PBXBuildFile; fileRef = 39C101AD1971297800AC58DC /* AudioUnit.framework */; };
		4DD8DBC8196FBD4C0067196D /* Cocoa.framework in Frameworks */ = {isa = PBXBuildFile; fileRef = 4DD8DBC7196FBD4C0067196D /* Cocoa.framework */; };
		4DD8DBD2196FBD4C0067196D /* InfoPlist.strings in Resources */ = {isa = PBXBuildFile; fileRef = 4DD8DBD0196FBD4C0067196D /* InfoPlist.strings */; };
		4DD8DBD4196FBD4C0067196D /* main.m in Sources */ = {isa = PBXBuildFile; fileRef = 4DD8DBD3196FBD4C0067196D /* main.m */; };
		4DD8DBD8196FBD4C0067196D /* Credits.rtf in Resources */ = {isa = PBXBuildFile; fileRef = 4DD8DBD6196FBD4C0067196D /* Credits.rtf */; };
		4DD8DBDB196FBD4C0067196D /* AppDelegate.m in Sources */ = {isa = PBXBuildFile; fileRef = 4DD8DBDA196FBD4C0067196D /* AppDelegate.m */; };
		4DD8DBDE196FBD4C0067196D /* MainMenu.xib in Resources */ = {isa = PBXBuildFile; fileRef = 4DD8DBDC196FBD4C0067196D /* MainMenu.xib */; };
		4DD8DBE0196FBD4C0067196D /* Images.xcassets in Resources */ = {isa = PBXBuildFile; fileRef = 4DD8DBDF196FBD4C0067196D /* Images.xcassets */; };
		4DD8DBE7196FBD4C0067196D /* XCTest.framework in Frameworks */ = {isa = PBXBuildFile; fileRef = 4DD8DBE6196FBD4C0067196D /* XCTest.framework */; };
		4DD8DBE8196FBD4C0067196D /* Cocoa.framework in Frameworks */ = {isa = PBXBuildFile; fileRef = 4DD8DBC7196FBD4C0067196D /* Cocoa.framework */; };
		4DD8DBF0196FBD4C0067196D /* InfoPlist.strings in Resources */ = {isa = PBXBuildFile; fileRef = 4DD8DBEE196FBD4C0067196D /* InfoPlist.strings */; };
		4DD8DBF2196FBD4C0067196D /* KaolaTests.m in Sources */ = {isa = PBXBuildFile; fileRef = 4DD8DBF1196FBD4C0067196D /* KaolaTests.m */; };
		4DD8DBFF196FBDA40067196D /* MainWindowController.m in Sources */ = {isa = PBXBuildFile; fileRef = 4DD8DBFE196FBDA40067196D /* MainWindowController.m */; };
		4DD8DC02196FBDB50067196D /* MainWindow.xib in Resources */ = {isa = PBXBuildFile; fileRef = 4DD8DC00196FBDB50067196D /* MainWindow.xib */; };
		4DD8DC17196FBE270067196D /* ASIDataCompressor.m in Sources */ = {isa = PBXBuildFile; fileRef = 4DD8DC07196FBE270067196D /* ASIDataCompressor.m */; settings = {COMPILER_FLAGS = "-fno-objc-arc"; }; };
		4DD8DC18196FBE270067196D /* ASIDataDecompressor.m in Sources */ = {isa = PBXBuildFile; fileRef = 4DD8DC09196FBE270067196D /* ASIDataDecompressor.m */; settings = {COMPILER_FLAGS = "-fno-objc-arc"; }; };
		4DD8DC19196FBE270067196D /* ASIDownloadCache.m in Sources */ = {isa = PBXBuildFile; fileRef = 4DD8DC0B196FBE270067196D /* ASIDownloadCache.m */; settings = {COMPILER_FLAGS = "-fno-objc-arc"; }; };
		4DD8DC1A196FBE270067196D /* ASIFormDataRequest.m in Sources */ = {isa = PBXBuildFile; fileRef = 4DD8DC0D196FBE270067196D /* ASIFormDataRequest.m */; settings = {COMPILER_FLAGS = "-fno-objc-arc"; }; };
		4DD8DC1B196FBE270067196D /* ASIHTTPRequest.m in Sources */ = {isa = PBXBuildFile; fileRef = 4DD8DC0F196FBE270067196D /* ASIHTTPRequest.m */; settings = {COMPILER_FLAGS = "-fno-objc-arc"; }; };
		4DD8DC1C196FBE270067196D /* ASIInputStream.m in Sources */ = {isa = PBXBuildFile; fileRef = 4DD8DC13196FBE270067196D /* ASIInputStream.m */; settings = {COMPILER_FLAGS = "-fno-objc-arc"; }; };
		4DD8DC1D196FBE270067196D /* ASINetworkQueue.m in Sources */ = {isa = PBXBuildFile; fileRef = 4DD8DC15196FBE270067196D /* ASINetworkQueue.m */; settings = {COMPILER_FLAGS = "-fno-objc-arc"; }; };
		4DD8DC21196FBE590067196D /* RXMLElement.m in Sources */ = {isa = PBXBuildFile; fileRef = 4DD8DC20196FBE590067196D /* RXMLElement.m */; };
		4DD8DC23196FBEA40067196D /* CFNetwork.framework in Frameworks */ = {isa = PBXBuildFile; fileRef = 4DD8DC22196FBEA40067196D /* CFNetwork.framework */; };
		4DD8DC25196FBEAA0067196D /* SystemConfiguration.framework in Frameworks */ = {isa = PBXBuildFile; fileRef = 4DD8DC24196FBEAA0067196D /* SystemConfiguration.framework */; };
		4DD8DC27196FBEAE0067196D /* QuartzCore.framework in Frameworks */ = {isa = PBXBuildFile; fileRef = 4DD8DC26196FBEAE0067196D /* QuartzCore.framework */; };
		4DD8DC29196FBEB20067196D /* libxml2.2.dylib in Frameworks */ = {isa = PBXBuildFile; fileRef = 4DD8DC28196FBEB20067196D /* libxml2.2.dylib */; };
		4DD8DC2B196FBEB70067196D /* libz.1.2.5.dylib in Frameworks */ = {isa = PBXBuildFile; fileRef = 4DD8DC2A196FBEB70067196D /* libz.1.2.5.dylib */; };
		4DD8DC2D196FBEC00067196D /* CoreServices.framework in Frameworks */ = {isa = PBXBuildFile; fileRef = 4DD8DC2C196FBEC00067196D /* CoreServices.framework */; };
		4DD8DC31196FBF400067196D /* Program.m in Sources */ = {isa = PBXBuildFile; fileRef = 4DD8DC30196FBF400067196D /* Program.m */; };
		4DD8DC35196FC4AE0067196D /* AudioStreamer.m in Sources */ = {isa = PBXBuildFile; fileRef = 4DD8DC34196FC4AE0067196D /* AudioStreamer.m */; settings = {COMPILER_FLAGS = "-fno-objc-arc"; }; };
		4DD8DC37196FC78B0067196D /* AudioToolbox.framework in Frameworks */ = {isa = PBXBuildFile; fileRef = 4DD8DC36196FC78B0067196D /* AudioToolbox.framework */; };
/* End PBXBuildFile section */

/* Begin PBXContainerItemProxy section */
		4DD8DBE9196FBD4C0067196D /* PBXContainerItemProxy */ = {
			isa = PBXContainerItemProxy;
			containerPortal = 4DD8DBBC196FBD4C0067196D /* Project object */;
			proxyType = 1;
			remoteGlobalIDString = 4DD8DBC3196FBD4C0067196D;
			remoteInfo = Kaola;
		};
/* End PBXContainerItemProxy section */

/* Begin PBXFileReference section */
		396E90E419704CA8001238E8 /* DOUAudioAnalyzer+Default.h */ = {isa = PBXFileReference; fileEncoding = 4; lastKnownFileType = sourcecode.c.h; path = "DOUAudioAnalyzer+Default.h"; sourceTree = "<group>"; };
		396E90E519704CA8001238E8 /* DOUAudioAnalyzer+Default.m */ = {isa = PBXFileReference; fileEncoding = 4; lastKnownFileType = sourcecode.c.objc; path = "DOUAudioAnalyzer+Default.m"; sourceTree = "<group>"; };
		396E90E619704CA8001238E8 /* DOUAudioAnalyzer.h */ = {isa = PBXFileReference; fileEncoding = 4; lastKnownFileType = sourcecode.c.h; path = DOUAudioAnalyzer.h; sourceTree = "<group>"; };
		396E90E719704CA8001238E8 /* DOUAudioAnalyzer.m */ = {isa = PBXFileReference; fileEncoding = 4; lastKnownFileType = sourcecode.c.objc; path = DOUAudioAnalyzer.m; sourceTree = "<group>"; };
		396E90E819704CA8001238E8 /* DOUAudioAnalyzer_Private.h */ = {isa = PBXFileReference; fileEncoding = 4; lastKnownFileType = sourcecode.c.h; path = DOUAudioAnalyzer_Private.h; sourceTree = "<group>"; };
		396E90E919704CA8001238E8 /* DOUAudioBase.h */ = {isa = PBXFileReference; fileEncoding = 4; lastKnownFileType = sourcecode.c.h; path = DOUAudioBase.h; sourceTree = "<group>"; };
		396E90EA19704CA8001238E8 /* DOUAudioDecoder.h */ = {isa = PBXFileReference; fileEncoding = 4; lastKnownFileType = sourcecode.c.h; path = DOUAudioDecoder.h; sourceTree = "<group>"; };
		396E90EB19704CA8001238E8 /* DOUAudioDecoder.m */ = {isa = PBXFileReference; fileEncoding = 4; lastKnownFileType = sourcecode.c.objc; path = DOUAudioDecoder.m; sourceTree = "<group>"; };
		396E90EC19704CA8001238E8 /* DOUAudioEventLoop.h */ = {isa = PBXFileReference; fileEncoding = 4; lastKnownFileType = sourcecode.c.h; path = DOUAudioEventLoop.h; sourceTree = "<group>"; };
		396E90ED19704CA8001238E8 /* DOUAudioEventLoop.m */ = {isa = PBXFileReference; fileEncoding = 4; lastKnownFileType = sourcecode.c.objc; path = DOUAudioEventLoop.m; sourceTree = "<group>"; };
		396E90EE19704CA8001238E8 /* DOUAudioFile.h */ = {isa = PBXFileReference; fileEncoding = 4; lastKnownFileType = sourcecode.c.h; path = DOUAudioFile.h; sourceTree = "<group>"; };
		396E90EF19704CA8001238E8 /* DOUAudioFilePreprocessor.h */ = {isa = PBXFileReference; fileEncoding = 4; lastKnownFileType = sourcecode.c.h; path = DOUAudioFilePreprocessor.h; sourceTree = "<group>"; };
		396E90F019704CA8001238E8 /* DOUAudioFilePreprocessor.m */ = {isa = PBXFileReference; fileEncoding = 4; lastKnownFileType = sourcecode.c.objc; path = DOUAudioFilePreprocessor.m; sourceTree = "<group>"; };
		396E90F119704CA8001238E8 /* DOUAudioFileProvider.h */ = {isa = PBXFileReference; fileEncoding = 4; lastKnownFileType = sourcecode.c.h; path = DOUAudioFileProvider.h; sourceTree = "<group>"; };
		396E90F219704CA8001238E8 /* DOUAudioFileProvider.m */ = {isa = PBXFileReference; fileEncoding = 4; lastKnownFileType = sourcecode.c.objc; path = DOUAudioFileProvider.m; sourceTree = "<group>"; };
		396E90F319704CA8001238E8 /* DOUAudioFrequencyAnalyzer.h */ = {isa = PBXFileReference; fileEncoding = 4; lastKnownFileType = sourcecode.c.h; path = DOUAudioFrequencyAnalyzer.h; sourceTree = "<group>"; };
		396E90F419704CA8001238E8 /* DOUAudioFrequencyAnalyzer.m */ = {isa = PBXFileReference; fileEncoding = 4; lastKnownFileType = sourcecode.c.objc; path = DOUAudioFrequencyAnalyzer.m; sourceTree = "<group>"; };
		396E90F519704CA8001238E8 /* DOUAudioLPCM.h */ = {isa = PBXFileReference; fileEncoding = 4; lastKnownFileType = sourcecode.c.h; path = DOUAudioLPCM.h; sourceTree = "<group>"; };
		396E90F619704CA8001238E8 /* DOUAudioLPCM.m */ = {isa = PBXFileReference; fileEncoding = 4; lastKnownFileType = sourcecode.c.objc; path = DOUAudioLPCM.m; sourceTree = "<group>"; };
		396E90F719704CA8001238E8 /* DOUAudioPlaybackItem.h */ = {isa = PBXFileReference; fileEncoding = 4; lastKnownFileType = sourcecode.c.h; path = DOUAudioPlaybackItem.h; sourceTree = "<group>"; };
		396E90F819704CA8001238E8 /* DOUAudioPlaybackItem.m */ = {isa = PBXFileReference; fileEncoding = 4; lastKnownFileType = sourcecode.c.objc; path = DOUAudioPlaybackItem.m; sourceTree = "<group>"; };
		396E90F919704CA8001238E8 /* DOUAudioRenderer.h */ = {isa = PBXFileReference; fileEncoding = 4; lastKnownFileType = sourcecode.c.h; path = DOUAudioRenderer.h; sourceTree = "<group>"; };
		396E90FA19704CA8001238E8 /* DOUAudioRenderer.m */ = {isa = PBXFileReference; fileEncoding = 4; lastKnownFileType = sourcecode.c.objc; path = DOUAudioRenderer.m; sourceTree = "<group>"; };
		396E90FB19704CA8001238E8 /* DOUAudioSpatialAnalyzer.h */ = {isa = PBXFileReference; fileEncoding = 4; lastKnownFileType = sourcecode.c.h; path = DOUAudioSpatialAnalyzer.h; sourceTree = "<group>"; };
		396E90FC19704CA8001238E8 /* DOUAudioSpatialAnalyzer.m */ = {isa = PBXFileReference; fileEncoding = 4; lastKnownFileType = sourcecode.c.objc; path = DOUAudioSpatialAnalyzer.m; sourceTree = "<group>"; };
		396E90FD19704CA8001238E8 /* DOUAudioStreamer+Options.h */ = {isa = PBXFileReference; fileEncoding = 4; lastKnownFileType = sourcecode.c.h; path = "DOUAudioStreamer+Options.h"; sourceTree = "<group>"; };
		396E90FE19704CA8001238E8 /* DOUAudioStreamer+Options.m */ = {isa = PBXFileReference; fileEncoding = 4; lastKnownFileType = sourcecode.c.objc; path = "DOUAudioStreamer+Options.m"; sourceTree = "<group>"; };
		396E90FF19704CA8001238E8 /* DOUAudioStreamer.h */ = {isa = PBXFileReference; fileEncoding = 4; lastKnownFileType = sourcecode.c.h; path = DOUAudioStreamer.h; sourceTree = "<group>"; };
		396E910019704CA8001238E8 /* DOUAudioStreamer.m */ = {isa = PBXFileReference; fileEncoding = 4; lastKnownFileType = sourcecode.c.objc; path = DOUAudioStreamer.m; sourceTree = "<group>"; };
		396E910119704CA8001238E8 /* DOUAudioStreamer_Private.h */ = {isa = PBXFileReference; fileEncoding = 4; lastKnownFileType = sourcecode.c.h; path = DOUAudioStreamer_Private.h; sourceTree = "<group>"; };
		396E910219704CA8001238E8 /* DOUAudioVisualizer.h */ = {isa = PBXFileReference; fileEncoding = 4; lastKnownFileType = sourcecode.c.h; path = DOUAudioVisualizer.h; sourceTree = "<group>"; };
		396E910319704CA8001238E8 /* DOUAudioVisualizer.m */ = {isa = PBXFileReference; fileEncoding = 4; lastKnownFileType = sourcecode.c.objc; path = DOUAudioVisualizer.m; sourceTree = "<group>"; };
		396E910419704CA8001238E8 /* DOUEAGLView.h */ = {isa = PBXFileReference; fileEncoding = 4; lastKnownFileType = sourcecode.c.h; path = DOUEAGLView.h; sourceTree = "<group>"; };
		396E910519704CA8001238E8 /* DOUEAGLView.m */ = {isa = PBXFileReference; fileEncoding = 4; lastKnownFileType = sourcecode.c.objc; path = DOUEAGLView.m; sourceTree = "<group>"; };
		396E910619704CA8001238E8 /* DOUMPMediaLibraryAssetLoader.h */ = {isa = PBXFileReference; fileEncoding = 4; lastKnownFileType = sourcecode.c.h; path = DOUMPMediaLibraryAssetLoader.h; sourceTree = "<group>"; };
		396E910719704CA8001238E8 /* DOUMPMediaLibraryAssetLoader.m */ = {isa = PBXFileReference; fileEncoding = 4; lastKnownFileType = sourcecode.c.objc; path = DOUMPMediaLibraryAssetLoader.m; sourceTree = "<group>"; };
		396E910819704CA8001238E8 /* DOUSimpleHTTPRequest.h */ = {isa = PBXFileReference; fileEncoding = 4; lastKnownFileType = sourcecode.c.h; path = DOUSimpleHTTPRequest.h; sourceTree = "<group>"; };
		396E910919704CA8001238E8 /* DOUSimpleHTTPRequest.m */ = {isa = PBXFileReference; fileEncoding = 4; lastKnownFileType = sourcecode.c.objc; path = DOUSimpleHTTPRequest.m; sourceTree = "<group>"; };
		396E910A19704CA8001238E8 /* NSData+DOUMappedFile.h */ = {isa = PBXFileReference; fileEncoding = 4; lastKnownFileType = sourcecode.c.h; path = "NSData+DOUMappedFile.h"; sourceTree = "<group>"; };
		396E910B19704CA8001238E8 /* NSData+DOUMappedFile.m */ = {isa = PBXFileReference; fileEncoding = 4; lastKnownFileType = sourcecode.c.objc; path = "NSData+DOUMappedFile.m"; sourceTree = "<group>"; };
		396E911E19704CC7001238E8 /* CoreAudio.framework */ = {isa = PBXFileReference; lastKnownFileType = wrapper.framework; name = CoreAudio.framework; path = System/Library/Frameworks/CoreAudio.framework; sourceTree = SDKROOT; };
		396E912019704CE3001238E8 /* OpenGL.framework */ = {isa = PBXFileReference; lastKnownFileType = wrapper.framework; name = OpenGL.framework; path = System/Library/Frameworks/OpenGL.framework; sourceTree = SDKROOT; };
		396E912319704D58001238E8 /* Accelerate.framework */ = {isa = PBXFileReference; lastKnownFileType = wrapper.framework; name = Accelerate.framework; path = System/Library/Frameworks/Accelerate.framework; sourceTree = SDKROOT; };
		396E912519704D61001238E8 /* AVFoundation.framework */ = {isa = PBXFileReference; lastKnownFileType = wrapper.framework; name = AVFoundation.framework; path = System/Library/Frameworks/AVFoundation.framework; sourceTree = SDKROOT; };
		396E912719704D9C001238E8 /* MediaToolbox.framework */ = {isa = PBXFileReference; lastKnownFileType = wrapper.framework; name = MediaToolbox.framework; path = System/Library/Frameworks/MediaToolbox.framework; sourceTree = SDKROOT; };
		396E912919704DAE001238E8 /* CoreMedia.framework */ = {isa = PBXFileReference; lastKnownFileType = wrapper.framework; name = CoreMedia.framework; path = System/Library/Frameworks/CoreMedia.framework; sourceTree = SDKROOT; };
		396E912B19704DEB001238E8 /* MediaLibrary.framework */ = {isa = PBXFileReference; lastKnownFileType = wrapper.framework; name = MediaLibrary.framework; path = System/Library/Frameworks/MediaLibrary.framework; sourceTree = SDKROOT; };
		396E912D19704DF5001238E8 /* CoreMediaIO.framework */ = {isa = PBXFileReference; lastKnownFileType = wrapper.framework; name = CoreMediaIO.framework; path = System/Library/Frameworks/CoreMediaIO.framework; sourceTree = SDKROOT; };
		396E913019704E00001238E8 /* MediaAccessibility.framework */ = {isa = PBXFileReference; lastKnownFileType = wrapper.framework; name = MediaAccessibility.framework; path = System/Library/Frameworks/MediaAccessibility.framework; sourceTree = SDKROOT; };
		397D730519991EF000673164 /* LZWCompressor.h */ = {isa = PBXFileReference; fileEncoding = 4; lastKnownFileType = sourcecode.c.h; path = LZWCompressor.h; sourceTree = "<group>"; };
		397D730619991EF000673164 /* LZWCompressor.m */ = {isa = PBXFileReference; fileEncoding = 4; lastKnownFileType = sourcecode.c.objc; path = LZWCompressor.m; sourceTree = "<group>"; };
		39C101AD1971297800AC58DC /* AudioUnit.framework */ = {isa = PBXFileReference; lastKnownFileType = wrapper.framework; name = AudioUnit.framework; path = System/Library/Frameworks/AudioUnit.framework; sourceTree = SDKROOT; };
		4DD8DBC4196FBD4C0067196D /* Kaola.app */ = {isa = PBXFileReference; explicitFileType = wrapper.application; includeInIndex = 0; path = Kaola.app; sourceTree = BUILT_PRODUCTS_DIR; };
		4DD8DBC7196FBD4C0067196D /* Cocoa.framework */ = {isa = PBXFileReference; lastKnownFileType = wrapper.framework; name = Cocoa.framework; path = System/Library/Frameworks/Cocoa.framework; sourceTree = SDKROOT; };
		4DD8DBCA196FBD4C0067196D /* AppKit.framework */ = {isa = PBXFileReference; lastKnownFileType = wrapper.framework; name = AppKit.framework; path = System/Library/Frameworks/AppKit.framework; sourceTree = SDKROOT; };
		4DD8DBCB196FBD4C0067196D /* CoreData.framework */ = {isa = PBXFileReference; lastKnownFileType = wrapper.framework; name = CoreData.framework; path = System/Library/Frameworks/CoreData.framework; sourceTree = SDKROOT; };
		4DD8DBCC196FBD4C0067196D /* Foundation.framework */ = {isa = PBXFileReference; lastKnownFileType = wrapper.framework; name = Foundation.framework; path = System/Library/Frameworks/Foundation.framework; sourceTree = SDKROOT; };
		4DD8DBCF196FBD4C0067196D /* Kaola-Info.plist */ = {isa = PBXFileReference; lastKnownFileType = text.plist.xml; path = "Kaola-Info.plist"; sourceTree = "<group>"; };
		4DD8DBD1196FBD4C0067196D /* en */ = {isa = PBXFileReference; lastKnownFileType = text.plist.strings; name = en; path = en.lproj/InfoPlist.strings; sourceTree = "<group>"; };
		4DD8DBD3196FBD4C0067196D /* main.m */ = {isa = PBXFileReference; lastKnownFileType = sourcecode.c.objc; path = main.m; sourceTree = "<group>"; };
		4DD8DBD5196FBD4C0067196D /* Kaola-Prefix.pch */ = {isa = PBXFileReference; lastKnownFileType = sourcecode.c.h; path = "Kaola-Prefix.pch"; sourceTree = "<group>"; };
		4DD8DBD7196FBD4C0067196D /* en */ = {isa = PBXFileReference; lastKnownFileType = text.rtf; name = en; path = en.lproj/Credits.rtf; sourceTree = "<group>"; };
		4DD8DBD9196FBD4C0067196D /* AppDelegate.h */ = {isa = PBXFileReference; lastKnownFileType = sourcecode.c.h; path = AppDelegate.h; sourceTree = "<group>"; };
		4DD8DBDA196FBD4C0067196D /* AppDelegate.m */ = {isa = PBXFileReference; lastKnownFileType = sourcecode.c.objc; path = AppDelegate.m; sourceTree = "<group>"; };
		4DD8DBDD196FBD4C0067196D /* Base */ = {isa = PBXFileReference; lastKnownFileType = file.xib; name = Base; path = Base.lproj/MainMenu.xib; sourceTree = "<group>"; };
		4DD8DBDF196FBD4C0067196D /* Images.xcassets */ = {isa = PBXFileReference; lastKnownFileType = folder.assetcatalog; path = Images.xcassets; sourceTree = "<group>"; };
		4DD8DBE5196FBD4C0067196D /* KaolaTests.xctest */ = {isa = PBXFileReference; explicitFileType = wrapper.cfbundle; includeInIndex = 0; path = KaolaTests.xctest; sourceTree = BUILT_PRODUCTS_DIR; };
		4DD8DBE6196FBD4C0067196D /* XCTest.framework */ = {isa = PBXFileReference; lastKnownFileType = wrapper.framework; name = XCTest.framework; path = Library/Frameworks/XCTest.framework; sourceTree = DEVELOPER_DIR; };
		4DD8DBED196FBD4C0067196D /* KaolaTests-Info.plist */ = {isa = PBXFileReference; lastKnownFileType = text.plist.xml; path = "KaolaTests-Info.plist"; sourceTree = "<group>"; };
		4DD8DBEF196FBD4C0067196D /* en */ = {isa = PBXFileReference; lastKnownFileType = text.plist.strings; name = en; path = en.lproj/InfoPlist.strings; sourceTree = "<group>"; };
		4DD8DBF1196FBD4C0067196D /* KaolaTests.m */ = {isa = PBXFileReference; lastKnownFileType = sourcecode.c.objc; path = KaolaTests.m; sourceTree = "<group>"; };
		4DD8DBFD196FBDA40067196D /* MainWindowController.h */ = {isa = PBXFileReference; fileEncoding = 4; lastKnownFileType = sourcecode.c.h; path = MainWindowController.h; sourceTree = "<group>"; };
		4DD8DBFE196FBDA40067196D /* MainWindowController.m */ = {isa = PBXFileReference; fileEncoding = 4; lastKnownFileType = sourcecode.c.objc; path = MainWindowController.m; sourceTree = "<group>"; };
		4DD8DC01196FBDB50067196D /* Base */ = {isa = PBXFileReference; lastKnownFileType = file.xib; name = Base; path = Base.lproj/MainWindow.xib; sourceTree = "<group>"; };
		4DD8DC05196FBE270067196D /* ASICacheDelegate.h */ = {isa = PBXFileReference; fileEncoding = 4; lastKnownFileType = sourcecode.c.h; path = ASICacheDelegate.h; sourceTree = "<group>"; };
		4DD8DC06196FBE270067196D /* ASIDataCompressor.h */ = {isa = PBXFileReference; fileEncoding = 4; lastKnownFileType = sourcecode.c.h; path = ASIDataCompressor.h; sourceTree = "<group>"; };
		4DD8DC07196FBE270067196D /* ASIDataCompressor.m */ = {isa = PBXFileReference; fileEncoding = 4; lastKnownFileType = sourcecode.c.objc; path = ASIDataCompressor.m; sourceTree = "<group>"; };
		4DD8DC08196FBE270067196D /* ASIDataDecompressor.h */ = {isa = PBXFileReference; fileEncoding = 4; lastKnownFileType = sourcecode.c.h; path = ASIDataDecompressor.h; sourceTree = "<group>"; };
		4DD8DC09196FBE270067196D /* ASIDataDecompressor.m */ = {isa = PBXFileReference; fileEncoding = 4; lastKnownFileType = sourcecode.c.objc; path = ASIDataDecompressor.m; sourceTree = "<group>"; };
		4DD8DC0A196FBE270067196D /* ASIDownloadCache.h */ = {isa = PBXFileReference; fileEncoding = 4; lastKnownFileType = sourcecode.c.h; path = ASIDownloadCache.h; sourceTree = "<group>"; };
		4DD8DC0B196FBE270067196D /* ASIDownloadCache.m */ = {isa = PBXFileReference; fileEncoding = 4; lastKnownFileType = sourcecode.c.objc; path = ASIDownloadCache.m; sourceTree = "<group>"; };
		4DD8DC0C196FBE270067196D /* ASIFormDataRequest.h */ = {isa = PBXFileReference; fileEncoding = 4; lastKnownFileType = sourcecode.c.h; path = ASIFormDataRequest.h; sourceTree = "<group>"; };
		4DD8DC0D196FBE270067196D /* ASIFormDataRequest.m */ = {isa = PBXFileReference; fileEncoding = 4; lastKnownFileType = sourcecode.c.objc; path = ASIFormDataRequest.m; sourceTree = "<group>"; };
		4DD8DC0E196FBE270067196D /* ASIHTTPRequest.h */ = {isa = PBXFileReference; fileEncoding = 4; lastKnownFileType = sourcecode.c.h; path = ASIHTTPRequest.h; sourceTree = "<group>"; };
		4DD8DC0F196FBE270067196D /* ASIHTTPRequest.m */ = {isa = PBXFileReference; fileEncoding = 4; lastKnownFileType = sourcecode.c.objc; path = ASIHTTPRequest.m; sourceTree = "<group>"; };
		4DD8DC10196FBE270067196D /* ASIHTTPRequestConfig.h */ = {isa = PBXFileReference; fileEncoding = 4; lastKnownFileType = sourcecode.c.h; path = ASIHTTPRequestConfig.h; sourceTree = "<group>"; };
		4DD8DC11196FBE270067196D /* ASIHTTPRequestDelegate.h */ = {isa = PBXFileReference; fileEncoding = 4; lastKnownFileType = sourcecode.c.h; path = ASIHTTPRequestDelegate.h; sourceTree = "<group>"; };
		4DD8DC12196FBE270067196D /* ASIInputStream.h */ = {isa = PBXFileReference; fileEncoding = 4; lastKnownFileType = sourcecode.c.h; path = ASIInputStream.h; sourceTree = "<group>"; };
		4DD8DC13196FBE270067196D /* ASIInputStream.m */ = {isa = PBXFileReference; fileEncoding = 4; lastKnownFileType = sourcecode.c.objc; path = ASIInputStream.m; sourceTree = "<group>"; };
		4DD8DC14196FBE270067196D /* ASINetworkQueue.h */ = {isa = PBXFileReference; fileEncoding = 4; lastKnownFileType = sourcecode.c.h; path = ASINetworkQueue.h; sourceTree = "<group>"; };
		4DD8DC15196FBE270067196D /* ASINetworkQueue.m */ = {isa = PBXFileReference; fileEncoding = 4; lastKnownFileType = sourcecode.c.objc; path = ASINetworkQueue.m; sourceTree = "<group>"; };
		4DD8DC16196FBE270067196D /* ASIProgressDelegate.h */ = {isa = PBXFileReference; fileEncoding = 4; lastKnownFileType = sourcecode.c.h; path = ASIProgressDelegate.h; sourceTree = "<group>"; };
		4DD8DC1F196FBE590067196D /* RXMLElement.h */ = {isa = PBXFileReference; fileEncoding = 4; lastKnownFileType = sourcecode.c.h; path = RXMLElement.h; sourceTree = "<group>"; };
		4DD8DC20196FBE590067196D /* RXMLElement.m */ = {isa = PBXFileReference; fileEncoding = 4; lastKnownFileType = sourcecode.c.objc; path = RXMLElement.m; sourceTree = "<group>"; };
		4DD8DC22196FBEA40067196D /* CFNetwork.framework */ = {isa = PBXFileReference; lastKnownFileType = wrapper.framework; name = CFNetwork.framework; path = System/Library/Frameworks/CFNetwork.framework; sourceTree = SDKROOT; };
		4DD8DC24196FBEAA0067196D /* SystemConfiguration.framework */ = {isa = PBXFileReference; lastKnownFileType = wrapper.framework; name = SystemConfiguration.framework; path = System/Library/Frameworks/SystemConfiguration.framework; sourceTree = SDKROOT; };
		4DD8DC26196FBEAE0067196D /* QuartzCore.framework */ = {isa = PBXFileReference; lastKnownFileType = wrapper.framework; name = QuartzCore.framework; path = System/Library/Frameworks/QuartzCore.framework; sourceTree = SDKROOT; };
		4DD8DC28196FBEB20067196D /* libxml2.2.dylib */ = {isa = PBXFileReference; lastKnownFileType = "compiled.mach-o.dylib"; name = libxml2.2.dylib; path = usr/lib/libxml2.2.dylib; sourceTree = SDKROOT; };
		4DD8DC2A196FBEB70067196D /* libz.1.2.5.dylib */ = {isa = PBXFileReference; lastKnownFileType = "compiled.mach-o.dylib"; name = libz.1.2.5.dylib; path = usr/lib/libz.1.2.5.dylib; sourceTree = SDKROOT; };
		4DD8DC2C196FBEC00067196D /* CoreServices.framework */ = {isa = PBXFileReference; lastKnownFileType = wrapper.framework; name = CoreServices.framework; path = System/Library/Frameworks/CoreServices.framework; sourceTree = SDKROOT; };
		4DD8DC2F196FBF400067196D /* Program.h */ = {isa = PBXFileReference; fileEncoding = 4; lastKnownFileType = sourcecode.c.h; path = Program.h; sourceTree = "<group>"; };
		4DD8DC30196FBF400067196D /* Program.m */ = {isa = PBXFileReference; fileEncoding = 4; lastKnownFileType = sourcecode.c.objc; path = Program.m; sourceTree = "<group>"; };
		4DD8DC33196FC4AE0067196D /* AudioStreamer.h */ = {isa = PBXFileReference; fileEncoding = 4; lastKnownFileType = sourcecode.c.h; path = AudioStreamer.h; sourceTree = "<group>"; };
		4DD8DC34196FC4AE0067196D /* AudioStreamer.m */ = {isa = PBXFileReference; fileEncoding = 4; lastKnownFileType = sourcecode.c.objc; path = AudioStreamer.m; sourceTree = "<group>"; };
		4DD8DC36196FC78B0067196D /* AudioToolbox.framework */ = {isa = PBXFileReference; lastKnownFileType = wrapper.framework; name = AudioToolbox.framework; path = System/Library/Frameworks/AudioToolbox.framework; sourceTree = SDKROOT; };
/* End PBXFileReference section */

/* Begin PBXFrameworksBuildPhase section */
		4DD8DBC1196FBD4C0067196D /* Frameworks */ = {
			isa = PBXFrameworksBuildPhase;
			buildActionMask = 2147483647;
			files = (
				39C101AE1971297800AC58DC /* AudioUnit.framework in Frameworks */,
				396E912619704D61001238E8 /* AVFoundation.framework in Frameworks */,
				396E912419704D58001238E8 /* Accelerate.framework in Frameworks */,
				4DD8DC2D196FBEC00067196D /* CoreServices.framework in Frameworks */,
				396E912219704D1E001238E8 /* OpenGL.framework in Frameworks */,
				396E911F19704CC7001238E8 /* CoreAudio.framework in Frameworks */,
				4DD8DC37196FC78B0067196D /* AudioToolbox.framework in Frameworks */,
				4DD8DC2B196FBEB70067196D /* libz.1.2.5.dylib in Frameworks */,
				4DD8DC29196FBEB20067196D /* libxml2.2.dylib in Frameworks */,
				4DD8DC27196FBEAE0067196D /* QuartzCore.framework in Frameworks */,
				4DD8DC25196FBEAA0067196D /* SystemConfiguration.framework in Frameworks */,
				4DD8DC23196FBEA40067196D /* CFNetwork.framework in Frameworks */,
				4DD8DBC8196FBD4C0067196D /* Cocoa.framework in Frameworks */,
			);
			runOnlyForDeploymentPostprocessing = 0;
		};
		4DD8DBE2196FBD4C0067196D /* Frameworks */ = {
			isa = PBXFrameworksBuildPhase;
			buildActionMask = 2147483647;
			files = (
				4DD8DBE8196FBD4C0067196D /* Cocoa.framework in Frameworks */,
				4DD8DBE7196FBD4C0067196D /* XCTest.framework in Frameworks */,
			);
			runOnlyForDeploymentPostprocessing = 0;
		};
/* End PBXFrameworksBuildPhase section */

/* Begin PBXGroup section */
		396E90E319704CA8001238E8 /* DOUAudioStreamer */ = {
			isa = PBXGroup;
			children = (
				396E90E419704CA8001238E8 /* DOUAudioAnalyzer+Default.h */,
				396E90E519704CA8001238E8 /* DOUAudioAnalyzer+Default.m */,
				396E90E619704CA8001238E8 /* DOUAudioAnalyzer.h */,
				396E90E719704CA8001238E8 /* DOUAudioAnalyzer.m */,
				396E90E819704CA8001238E8 /* DOUAudioAnalyzer_Private.h */,
				396E90E919704CA8001238E8 /* DOUAudioBase.h */,
				396E90EA19704CA8001238E8 /* DOUAudioDecoder.h */,
				396E90EB19704CA8001238E8 /* DOUAudioDecoder.m */,
				396E90EC19704CA8001238E8 /* DOUAudioEventLoop.h */,
				396E90ED19704CA8001238E8 /* DOUAudioEventLoop.m */,
				396E90EE19704CA8001238E8 /* DOUAudioFile.h */,
				396E90EF19704CA8001238E8 /* DOUAudioFilePreprocessor.h */,
				396E90F019704CA8001238E8 /* DOUAudioFilePreprocessor.m */,
				396E90F119704CA8001238E8 /* DOUAudioFileProvider.h */,
				396E90F219704CA8001238E8 /* DOUAudioFileProvider.m */,
				396E90F319704CA8001238E8 /* DOUAudioFrequencyAnalyzer.h */,
				396E90F419704CA8001238E8 /* DOUAudioFrequencyAnalyzer.m */,
				396E90F519704CA8001238E8 /* DOUAudioLPCM.h */,
				396E90F619704CA8001238E8 /* DOUAudioLPCM.m */,
				396E90F719704CA8001238E8 /* DOUAudioPlaybackItem.h */,
				396E90F819704CA8001238E8 /* DOUAudioPlaybackItem.m */,
				396E90F919704CA8001238E8 /* DOUAudioRenderer.h */,
				396E90FA19704CA8001238E8 /* DOUAudioRenderer.m */,
				396E90FB19704CA8001238E8 /* DOUAudioSpatialAnalyzer.h */,
				396E90FC19704CA8001238E8 /* DOUAudioSpatialAnalyzer.m */,
				396E90FD19704CA8001238E8 /* DOUAudioStreamer+Options.h */,
				396E90FE19704CA8001238E8 /* DOUAudioStreamer+Options.m */,
				396E90FF19704CA8001238E8 /* DOUAudioStreamer.h */,
				396E910019704CA8001238E8 /* DOUAudioStreamer.m */,
				396E910119704CA8001238E8 /* DOUAudioStreamer_Private.h */,
				396E910219704CA8001238E8 /* DOUAudioVisualizer.h */,
				396E910319704CA8001238E8 /* DOUAudioVisualizer.m */,
				396E910419704CA8001238E8 /* DOUEAGLView.h */,
				396E910519704CA8001238E8 /* DOUEAGLView.m */,
				396E910619704CA8001238E8 /* DOUMPMediaLibraryAssetLoader.h */,
				396E910719704CA8001238E8 /* DOUMPMediaLibraryAssetLoader.m */,
				396E910819704CA8001238E8 /* DOUSimpleHTTPRequest.h */,
				396E910919704CA8001238E8 /* DOUSimpleHTTPRequest.m */,
				396E910A19704CA8001238E8 /* NSData+DOUMappedFile.h */,
				396E910B19704CA8001238E8 /* NSData+DOUMappedFile.m */,
			);
			path = DOUAudioStreamer;
			sourceTree = "<group>";
		};
		4DD8DBBB196FBD4C0067196D = {
			isa = PBXGroup;
			children = (
				4DD8DBCD196FBD4C0067196D /* Kaola */,
				4DD8DBEB196FBD4C0067196D /* KaolaTests */,
				4DD8DC03196FBE270067196D /* Vendor */,
				4DD8DBC6196FBD4C0067196D /* Frameworks */,
				4DD8DBC5196FBD4C0067196D /* Products */,
			);
			sourceTree = "<group>";
		};
		4DD8DBC5196FBD4C0067196D /* Products */ = {
			isa = PBXGroup;
			children = (
				4DD8DBC4196FBD4C0067196D /* Kaola.app */,
				4DD8DBE5196FBD4C0067196D /* KaolaTests.xctest */,
			);
			name = Products;
			sourceTree = "<group>";
		};
		4DD8DBC6196FBD4C0067196D /* Frameworks */ = {
			isa = PBXGroup;
			children = (
				39C101AD1971297800AC58DC /* AudioUnit.framework */,
				396E913019704E00001238E8 /* MediaAccessibility.framework */,
				396E912D19704DF5001238E8 /* CoreMediaIO.framework */,
				396E912B19704DEB001238E8 /* MediaLibrary.framework */,
				396E912919704DAE001238E8 /* CoreMedia.framework */,
				396E912719704D9C001238E8 /* MediaToolbox.framework */,
				396E912519704D61001238E8 /* AVFoundation.framework */,
				396E912319704D58001238E8 /* Accelerate.framework */,
				396E912019704CE3001238E8 /* OpenGL.framework */,
				396E911E19704CC7001238E8 /* CoreAudio.framework */,
				4DD8DC36196FC78B0067196D /* AudioToolbox.framework */,
				4DD8DC2C196FBEC00067196D /* CoreServices.framework */,
				4DD8DC2A196FBEB70067196D /* libz.1.2.5.dylib */,
				4DD8DC28196FBEB20067196D /* libxml2.2.dylib */,
				4DD8DC26196FBEAE0067196D /* QuartzCore.framework */,
				4DD8DC24196FBEAA0067196D /* SystemConfiguration.framework */,
				4DD8DC22196FBEA40067196D /* CFNetwork.framework */,
				4DD8DBC7196FBD4C0067196D /* Cocoa.framework */,
				4DD8DBE6196FBD4C0067196D /* XCTest.framework */,
				4DD8DBC9196FBD4C0067196D /* Other Frameworks */,
			);
			name = Frameworks;
			sourceTree = "<group>";
		};
		4DD8DBC9196FBD4C0067196D /* Other Frameworks */ = {
			isa = PBXGroup;
			children = (
				4DD8DBCA196FBD4C0067196D /* AppKit.framework */,
				4DD8DBCB196FBD4C0067196D /* CoreData.framework */,
				4DD8DBCC196FBD4C0067196D /* Foundation.framework */,
			);
			name = "Other Frameworks";
			sourceTree = "<group>";
		};
		4DD8DBCD196FBD4C0067196D /* Kaola */ = {
			isa = PBXGroup;
			children = (
				4DD8DC2E196FBF2D0067196D /* Model */,
				4DD8DBFB196FBD700067196D /* View */,
				4DD8DBD9196FBD4C0067196D /* AppDelegate.h */,
				4DD8DBDA196FBD4C0067196D /* AppDelegate.m */,
				4DD8DBDF196FBD4C0067196D /* Images.xcassets */,
				4DD8DBCE196FBD4C0067196D /* Supporting Files */,
			);
			path = Kaola;
			sourceTree = "<group>";
		};
		4DD8DBCE196FBD4C0067196D /* Supporting Files */ = {
			isa = PBXGroup;
			children = (
				4DD8DBCF196FBD4C0067196D /* Kaola-Info.plist */,
				4DD8DBD0196FBD4C0067196D /* InfoPlist.strings */,
				4DD8DBD3196FBD4C0067196D /* main.m */,
				4DD8DBD5196FBD4C0067196D /* Kaola-Prefix.pch */,
				4DD8DBD6196FBD4C0067196D /* Credits.rtf */,
			);
			name = "Supporting Files";
			sourceTree = "<group>";
		};
		4DD8DBEB196FBD4C0067196D /* KaolaTests */ = {
			isa = PBXGroup;
			children = (
				4DD8DBF1196FBD4C0067196D /* KaolaTests.m */,
				4DD8DBEC196FBD4C0067196D /* Supporting Files */,
			);
			path = KaolaTests;
			sourceTree = "<group>";
		};
		4DD8DBEC196FBD4C0067196D /* Supporting Files */ = {
			isa = PBXGroup;
			children = (
				4DD8DBED196FBD4C0067196D /* KaolaTests-Info.plist */,
				4DD8DBEE196FBD4C0067196D /* InfoPlist.strings */,
			);
			name = "Supporting Files";
			sourceTree = "<group>";
		};
		4DD8DBFB196FBD700067196D /* View */ = {
			isa = PBXGroup;
			children = (
				4DD8DBFC196FBD780067196D /* Resource */,
				4DD8DBFD196FBDA40067196D /* MainWindowController.h */,
				4DD8DBFE196FBDA40067196D /* MainWindowController.m */,
			);
			name = View;
			sourceTree = "<group>";
		};
		4DD8DBFC196FBD780067196D /* Resource */ = {
			isa = PBXGroup;
			children = (
				4DD8DBDC196FBD4C0067196D /* MainMenu.xib */,
				4DD8DC00196FBDB50067196D /* MainWindow.xib */,
			);
			name = Resource;
			sourceTree = "<group>";
		};
		4DD8DC03196FBE270067196D /* Vendor */ = {
			isa = PBXGroup;
			children = (
				4DD8DC1E196FBE590067196D /* RaptureXML */,
				4DD8DC32196FC4AE0067196D /* AudioStreamer */,
				396E90E319704CA8001238E8 /* DOUAudioStreamer */,
				4DD8DC04196FBE270067196D /* ASIHTTPRequest */,
			);
			path = Vendor;
			sourceTree = "<group>";
		};
		4DD8DC04196FBE270067196D /* ASIHTTPRequest */ = {
			isa = PBXGroup;
			children = (
				4DD8DC05196FBE270067196D /* ASICacheDelegate.h */,
				4DD8DC06196FBE270067196D /* ASIDataCompressor.h */,
				4DD8DC07196FBE270067196D /* ASIDataCompressor.m */,
				4DD8DC08196FBE270067196D /* ASIDataDecompressor.h */,
				4DD8DC09196FBE270067196D /* ASIDataDecompressor.m */,
				4DD8DC0A196FBE270067196D /* ASIDownloadCache.h */,
				4DD8DC0B196FBE270067196D /* ASIDownloadCache.m */,
				4DD8DC0C196FBE270067196D /* ASIFormDataRequest.h */,
				4DD8DC0D196FBE270067196D /* ASIFormDataRequest.m */,
				4DD8DC0E196FBE270067196D /* ASIHTTPRequest.h */,
				4DD8DC0F196FBE270067196D /* ASIHTTPRequest.m */,
				4DD8DC10196FBE270067196D /* ASIHTTPRequestConfig.h */,
				4DD8DC11196FBE270067196D /* ASIHTTPRequestDelegate.h */,
				4DD8DC12196FBE270067196D /* ASIInputStream.h */,
				4DD8DC13196FBE270067196D /* ASIInputStream.m */,
				4DD8DC14196FBE270067196D /* ASINetworkQueue.h */,
				4DD8DC15196FBE270067196D /* ASINetworkQueue.m */,
				4DD8DC16196FBE270067196D /* ASIProgressDelegate.h */,
			);
			path = ASIHTTPRequest;
			sourceTree = "<group>";
		};
		4DD8DC1E196FBE590067196D /* RaptureXML */ = {
			isa = PBXGroup;
			children = (
				4DD8DC1F196FBE590067196D /* RXMLElement.h */,
				4DD8DC20196FBE590067196D /* RXMLElement.m */,
			);
			path = RaptureXML;
			sourceTree = "<group>";
		};
		4DD8DC2E196FBF2D0067196D /* Model */ = {
			isa = PBXGroup;
			children = (
				397D730519991EF000673164 /* LZWCompressor.h */,
				397D730619991EF000673164 /* LZWCompressor.m */,
				4DD8DC2F196FBF400067196D /* Program.h */,
				4DD8DC30196FBF400067196D /* Program.m */,
			);
			name = Model;
			sourceTree = "<group>";
		};
		4DD8DC32196FC4AE0067196D /* AudioStreamer */ = {
			isa = PBXGroup;
			children = (
				4DD8DC33196FC4AE0067196D /* AudioStreamer.h */,
				4DD8DC34196FC4AE0067196D /* AudioStreamer.m */,
			);
			path = AudioStreamer;
			sourceTree = "<group>";
		};
/* End PBXGroup section */

/* Begin PBXNativeTarget section */
		4DD8DBC3196FBD4C0067196D /* Kaola */ = {
			isa = PBXNativeTarget;
			buildConfigurationList = 4DD8DBF5196FBD4C0067196D /* Build configuration list for PBXNativeTarget "Kaola" */;
			buildPhases = (
				4DD8DBC0196FBD4C0067196D /* Sources */,
				4DD8DBC1196FBD4C0067196D /* Frameworks */,
				4DD8DBC2196FBD4C0067196D /* Resources */,
			);
			buildRules = (
			);
			dependencies = (
			);
			name = Kaola;
			productName = Kaola;
			productReference = 4DD8DBC4196FBD4C0067196D /* Kaola.app */;
			productType = "com.apple.product-type.application";
		};
		4DD8DBE4196FBD4C0067196D /* KaolaTests */ = {
			isa = PBXNativeTarget;
			buildConfigurationList = 4DD8DBF8196FBD4C0067196D /* Build configuration list for PBXNativeTarget "KaolaTests" */;
			buildPhases = (
				4DD8DBE1196FBD4C0067196D /* Sources */,
				4DD8DBE2196FBD4C0067196D /* Frameworks */,
				4DD8DBE3196FBD4C0067196D /* Resources */,
			);
			buildRules = (
			);
			dependencies = (
				4DD8DBEA196FBD4C0067196D /* PBXTargetDependency */,
			);
			name = KaolaTests;
			productName = KaolaTests;
			productReference = 4DD8DBE5196FBD4C0067196D /* KaolaTests.xctest */;
			productType = "com.apple.product-type.bundle.unit-test";
		};
/* End PBXNativeTarget section */

/* Begin PBXProject section */
		4DD8DBBC196FBD4C0067196D /* Project object */ = {
			isa = PBXProject;
			attributes = {
				LastUpgradeCheck = 0500;
				ORGANIZATIONNAME = shendou;
				TargetAttributes = {
					4DD8DBE4196FBD4C0067196D = {
						TestTargetID = 4DD8DBC3196FBD4C0067196D;
					};
				};
			};
			buildConfigurationList = 4DD8DBBF196FBD4C0067196D /* Build configuration list for PBXProject "Kaola" */;
			compatibilityVersion = "Xcode 3.2";
			developmentRegion = English;
			hasScannedForEncodings = 0;
			knownRegions = (
				en,
				Base,
			);
			mainGroup = 4DD8DBBB196FBD4C0067196D;
			productRefGroup = 4DD8DBC5196FBD4C0067196D /* Products */;
			projectDirPath = "";
			projectRoot = "";
			targets = (
				4DD8DBC3196FBD4C0067196D /* Kaola */,
				4DD8DBE4196FBD4C0067196D /* KaolaTests */,
			);
		};
/* End PBXProject section */

/* Begin PBXResourcesBuildPhase section */
		4DD8DBC2196FBD4C0067196D /* Resources */ = {
			isa = PBXResourcesBuildPhase;
			buildActionMask = 2147483647;
			files = (
				4DD8DBD2196FBD4C0067196D /* InfoPlist.strings in Resources */,
				4DD8DC02196FBDB50067196D /* MainWindow.xib in Resources */,
				4DD8DBE0196FBD4C0067196D /* Images.xcassets in Resources */,
				4DD8DBD8196FBD4C0067196D /* Credits.rtf in Resources */,
				4DD8DBDE196FBD4C0067196D /* MainMenu.xib in Resources */,
			);
			runOnlyForDeploymentPostprocessing = 0;
		};
		4DD8DBE3196FBD4C0067196D /* Resources */ = {
			isa = PBXResourcesBuildPhase;
			buildActionMask = 2147483647;
			files = (
				4DD8DBF0196FBD4C0067196D /* InfoPlist.strings in Resources */,
			);
			runOnlyForDeploymentPostprocessing = 0;
		};
/* End PBXResourcesBuildPhase section */

/* Begin PBXSourcesBuildPhase section */
		4DD8DBC0196FBD4C0067196D /* Sources */ = {
			isa = PBXSourcesBuildPhase;
			buildActionMask = 2147483647;
			files = (
				396E911219704CA8001238E8 /* DOUAudioFrequencyAnalyzer.m in Sources */,
				396E911719704CA8001238E8 /* DOUAudioStreamer+Options.m in Sources */,
				4DD8DC31196FBF400067196D /* Program.m in Sources */,
				4DD8DC1A196FBE270067196D /* ASIFormDataRequest.m in Sources */,
				396E911419704CA8001238E8 /* DOUAudioPlaybackItem.m in Sources */,
				4DD8DC1B196FBE270067196D /* ASIHTTPRequest.m in Sources */,
				396E911C19704CA8001238E8 /* DOUSimpleHTTPRequest.m in Sources */,
				4DD8DC35196FC4AE0067196D /* AudioStreamer.m in Sources */,
				396E911319704CA8001238E8 /* DOUAudioLPCM.m in Sources */,
				396E911019704CA8001238E8 /* DOUAudioFilePreprocessor.m in Sources */,
				4DD8DBFF196FBDA40067196D /* MainWindowController.m in Sources */,
				4DD8DBDB196FBD4C0067196D /* AppDelegate.m in Sources */,
				4DD8DC1D196FBE270067196D /* ASINetworkQueue.m in Sources */,
				396E911119704CA8001238E8 /* DOUAudioFileProvider.m in Sources */,
				396E910C19704CA8001238E8 /* DOUAudioAnalyzer+Default.m in Sources */,
				396E911D19704CA8001238E8 /* NSData+DOUMappedFile.m in Sources */,
				396E911519704CA8001238E8 /* DOUAudioRenderer.m in Sources */,
				4DD8DC19196FBE270067196D /* ASIDownloadCache.m in Sources */,
				396E911A19704CA8001238E8 /* DOUEAGLView.m in Sources */,
				4DD8DC1C196FBE270067196D /* ASIInputStream.m in Sources */,
				397D730719991EF000673164 /* LZWCompressor.m in Sources */,
				396E910F19704CA8001238E8 /* DOUAudioEventLoop.m in Sources */,
				4DD8DC17196FBE270067196D /* ASIDataCompressor.m in Sources */,
				396E911B19704CA8001238E8 /* DOUMPMediaLibraryAssetLoader.m in Sources */,
				396E911619704CA8001238E8 /* DOUAudioSpatialAnalyzer.m in Sources */,
				396E911819704CA8001238E8 /* DOUAudioStreamer.m in Sources */,
				396E910D19704CA8001238E8 /* DOUAudioAnalyzer.m in Sources */,
				396E910E19704CA8001238E8 /* DOUAudioDecoder.m in Sources */,
				4DD8DBD4196FBD4C0067196D /* main.m in Sources */,
				4DD8DC18196FBE270067196D /* ASIDataDecompressor.m in Sources */,
				396E911919704CA8001238E8 /* DOUAudioVisualizer.m in Sources */,
				4DD8DC21196FBE590067196D /* RXMLElement.m in Sources */,
			);
			runOnlyForDeploymentPostprocessing = 0;
		};
		4DD8DBE1196FBD4C0067196D /* Sources */ = {
			isa = PBXSourcesBuildPhase;
			buildActionMask = 2147483647;
			files = (
				4DD8DBF2196FBD4C0067196D /* KaolaTests.m in Sources */,
			);
			runOnlyForDeploymentPostprocessing = 0;
		};
/* End PBXSourcesBuildPhase section */

/* Begin PBXTargetDependency section */
		4DD8DBEA196FBD4C0067196D /* PBXTargetDependency */ = {
			isa = PBXTargetDependency;
			target = 4DD8DBC3196FBD4C0067196D /* Kaola */;
			targetProxy = 4DD8DBE9196FBD4C0067196D /* PBXContainerItemProxy */;
		};
/* End PBXTargetDependency section */

/* Begin PBXVariantGroup section */
		4DD8DBD0196FBD4C0067196D /* InfoPlist.strings */ = {
			isa = PBXVariantGroup;
			children = (
				4DD8DBD1196FBD4C0067196D /* en */,
			);
			name = InfoPlist.strings;
			sourceTree = "<group>";
		};
		4DD8DBD6196FBD4C0067196D /* Credits.rtf */ = {
			isa = PBXVariantGroup;
			children = (
				4DD8DBD7196FBD4C0067196D /* en */,
			);
			name = Credits.rtf;
			sourceTree = "<group>";
		};
		4DD8DBDC196FBD4C0067196D /* MainMenu.xib */ = {
			isa = PBXVariantGroup;
			children = (
				4DD8DBDD196FBD4C0067196D /* Base */,
			);
			name = MainMenu.xib;
			sourceTree = "<group>";
		};
		4DD8DBEE196FBD4C0067196D /* InfoPlist.strings */ = {
			isa = PBXVariantGroup;
			children = (
				4DD8DBEF196FBD4C0067196D /* en */,
			);
			name = InfoPlist.strings;
			sourceTree = "<group>";
		};
		4DD8DC00196FBDB50067196D /* MainWindow.xib */ = {
			isa = PBXVariantGroup;
			children = (
				4DD8DC01196FBDB50067196D /* Base */,
			);
			name = MainWindow.xib;
			sourceTree = "<group>";
		};
/* End PBXVariantGroup section */

/* Begin XCBuildConfiguration section */
		4DD8DBF3196FBD4C0067196D /* Debug */ = {
			isa = XCBuildConfiguration;
			buildSettings = {
				ALWAYS_SEARCH_USER_PATHS = NO;
				CLANG_CXX_LANGUAGE_STANDARD = "gnu++0x";
				CLANG_CXX_LIBRARY = "libc++";
				CLANG_ENABLE_OBJC_ARC = YES;
				CLANG_WARN_BOOL_CONVERSION = YES;
				CLANG_WARN_CONSTANT_CONVERSION = YES;
				CLANG_WARN_DIRECT_OBJC_ISA_USAGE = YES_ERROR;
				CLANG_WARN_EMPTY_BODY = YES;
				CLANG_WARN_ENUM_CONVERSION = YES;
				CLANG_WARN_INT_CONVERSION = YES;
				CLANG_WARN_OBJC_ROOT_CLASS = YES_ERROR;
				CLANG_WARN__DUPLICATE_METHOD_MATCH = YES;
				COPY_PHASE_STRIP = NO;
				GCC_C_LANGUAGE_STANDARD = gnu99;
				GCC_DYNAMIC_NO_PIC = NO;
				GCC_ENABLE_OBJC_EXCEPTIONS = YES;
				GCC_OPTIMIZATION_LEVEL = 0;
				GCC_PREPROCESSOR_DEFINITIONS = (
					"DEBUG=1",
					"$(inherited)",
				);
				GCC_SYMBOLS_PRIVATE_EXTERN = NO;
				GCC_WARN_64_TO_32_BIT_CONVERSION = YES;
				GCC_WARN_ABOUT_RETURN_TYPE = YES_ERROR;
				GCC_WARN_UNDECLARED_SELECTOR = YES;
				GCC_WARN_UNINITIALIZED_AUTOS = YES;
				GCC_WARN_UNUSED_FUNCTION = YES;
				GCC_WARN_UNUSED_VARIABLE = YES;
				MACOSX_DEPLOYMENT_TARGET = 10.9;
				ONLY_ACTIVE_ARCH = YES;
				SDKROOT = macosx;
			};
			name = Debug;
		};
		4DD8DBF4196FBD4C0067196D /* Release */ = {
			isa = XCBuildConfiguration;
			buildSettings = {
				ALWAYS_SEARCH_USER_PATHS = NO;
				CLANG_CXX_LANGUAGE_STANDARD = "gnu++0x";
				CLANG_CXX_LIBRARY = "libc++";
				CLANG_ENABLE_OBJC_ARC = YES;
				CLANG_WARN_BOOL_CONVERSION = YES;
				CLANG_WARN_CONSTANT_CONVERSION = YES;
				CLANG_WARN_DIRECT_OBJC_ISA_USAGE = YES_ERROR;
				CLANG_WARN_EMPTY_BODY = YES;
				CLANG_WARN_ENUM_CONVERSION = YES;
				CLANG_WARN_INT_CONVERSION = YES;
				CLANG_WARN_OBJC_ROOT_CLASS = YES_ERROR;
				CLANG_WARN__DUPLICATE_METHOD_MATCH = YES;
				COPY_PHASE_STRIP = YES;
				DEBUG_INFORMATION_FORMAT = "dwarf-with-dsym";
				ENABLE_NS_ASSERTIONS = NO;
				GCC_C_LANGUAGE_STANDARD = gnu99;
				GCC_ENABLE_OBJC_EXCEPTIONS = YES;
				GCC_WARN_64_TO_32_BIT_CONVERSION = YES;
				GCC_WARN_ABOUT_RETURN_TYPE = YES_ERROR;
				GCC_WARN_UNDECLARED_SELECTOR = YES;
				GCC_WARN_UNINITIALIZED_AUTOS = YES;
				GCC_WARN_UNUSED_FUNCTION = YES;
				GCC_WARN_UNUSED_VARIABLE = YES;
				MACOSX_DEPLOYMENT_TARGET = 10.9;
				SDKROOT = macosx;
			};
			name = Release;
		};
		4DD8DBF6196FBD4C0067196D /* Debug */ = {
			isa = XCBuildConfiguration;
			buildSettings = {
				ASSETCATALOG_COMPILER_APPICON_NAME = AppIcon;
				COMBINE_HIDPI_IMAGES = YES;
				GCC_PRECOMPILE_PREFIX_HEADER = YES;
				GCC_PREFIX_HEADER = "Kaola/Kaola-Prefix.pch";
				HEADER_SEARCH_PATHS = (
					"$(inherited)",
					/Applications/Xcode.app/Contents/Developer/Toolchains/XcodeDefault.xctoolchain/usr/include,
					"${SDK_DIR}/usr/include/libxml2",
				);
				INFOPLIST_FILE = "Kaola/Kaola-Info.plist";
				PRODUCT_NAME = "$(TARGET_NAME)";
				WRAPPER_EXTENSION = app;
			};
			name = Debug;
		};
		4DD8DBF7196FBD4C0067196D /* Release */ = {
			isa = XCBuildConfiguration;
			buildSettings = {
				ASSETCATALOG_COMPILER_APPICON_NAME = AppIcon;
				COMBINE_HIDPI_IMAGES = YES;
				GCC_PRECOMPILE_PREFIX_HEADER = YES;
				GCC_PREFIX_HEADER = "Kaola/Kaola-Prefix.pch";
				HEADER_SEARCH_PATHS = (
					"$(inherited)",
					/Applications/Xcode.app/Contents/Developer/Toolchains/XcodeDefault.xctoolchain/usr/include,
					"${SDK_DIR}/usr/include/libxml2",
				);
				INFOPLIST_FILE = "Kaola/Kaola-Info.plist";
				PRODUCT_NAME = "$(TARGET_NAME)";
				WRAPPER_EXTENSION = app;
			};
			name = Release;
		};
		4DD8DBF9196FBD4C0067196D /* Debug */ = {
			isa = XCBuildConfiguration;
			buildSettings = {
				BUNDLE_LOADER = "$(BUILT_PRODUCTS_DIR)/Kaola.app/Contents/MacOS/Kaola";
				COMBINE_HIDPI_IMAGES = YES;
				FRAMEWORK_SEARCH_PATHS = (
					"$(DEVELOPER_FRAMEWORKS_DIR)",
					"$(inherited)",
				);
				GCC_PRECOMPILE_PREFIX_HEADER = YES;
				GCC_PREFIX_HEADER = "Kaola/Kaola-Prefix.pch";
				GCC_PREPROCESSOR_DEFINITIONS = (
					"DEBUG=1",
					"$(inherited)",
				);
				INFOPLIST_FILE = "KaolaTests/KaolaTests-Info.plist";
				PRODUCT_NAME = "$(TARGET_NAME)";
				TEST_HOST = "$(BUNDLE_LOADER)";
				WRAPPER_EXTENSION = xctest;
			};
			name = Debug;
		};
		4DD8DBFA196FBD4C0067196D /* Release */ = {
			isa = XCBuildConfiguration;
			buildSettings = {
				BUNDLE_LOADER = "$(BUILT_PRODUCTS_DIR)/Kaola.app/Contents/MacOS/Kaola";
				COMBINE_HIDPI_IMAGES = YES;
				FRAMEWORK_SEARCH_PATHS = (
					"$(DEVELOPER_FRAMEWORKS_DIR)",
					"$(inherited)",
				);
				GCC_PRECOMPILE_PREFIX_HEADER = YES;
				GCC_PREFIX_HEADER = "Kaola/Kaola-Prefix.pch";
				INFOPLIST_FILE = "KaolaTests/KaolaTests-Info.plist";
				PRODUCT_NAME = "$(TARGET_NAME)";
				TEST_HOST = "$(BUNDLE_LOADER)";
				WRAPPER_EXTENSION = xctest;
			};
			name = Release;
		};
/* End XCBuildConfiguration section */

/* Begin XCConfigurationList section */
		4DD8DBBF196FBD4C0067196D /* Build configuration list for PBXProject "Kaola" */ = {
			isa = XCConfigurationList;
			buildConfigurations = (
				4DD8DBF3196FBD4C0067196D /* Debug */,
				4DD8DBF4196FBD4C0067196D /* Release */,
			);
			defaultConfigurationIsVisible = 0;
			defaultConfigurationName = Release;
		};
		4DD8DBF5196FBD4C0067196D /* Build configuration list for PBXNativeTarget "Kaola" */ = {
			isa = XCConfigurationList;
			buildConfigurations = (
				4DD8DBF6196FBD4C0067196D /* Debug */,
				4DD8DBF7196FBD4C0067196D /* Release */,
			);
			defaultConfigurationIsVisible = 0;
			defaultConfigurationName = Release;
		};
		4DD8DBF8196FBD4C0067196D /* Build configuration list for PBXNativeTarget "KaolaTests" */ = {
			isa = XCConfigurationList;
			buildConfigurations = (
				4DD8DBF9196FBD4C0067196D /* Debug */,
				4DD8DBFA196FBD4C0067196D /* Release */,
			);
			defaultConfigurationIsVisible = 0;
			defaultConfigurationName = Release;
		};
/* End XCConfigurationList section */
	};
	rootObject = 4DD8DBBC196FBD4C0067196D /* Project object */;
}
